// !$*UTF8*$!
{
	archiveVersion = 1;
	classes = {
	};
	objectVersion = 50;
	objects = {

/* Begin PBXBuildFile section */
		099297D1A59CE83DEFB439D7 /* libPods-CSXRACDemo.a in Frameworks */ = {isa = PBXBuildFile; fileRef = B8130F109A0727EEF5DD4EDA /* libPods-CSXRACDemo.a */; };
		DB6D417B22768F5E00E5F293 /* TimerViewController.m in Sources */ = {isa = PBXBuildFile; fileRef = DB6D417A22768F5E00E5F293 /* TimerViewController.m */; };
		DB6D417F2276949300E5F293 /* MulticastConnectionViewController.m in Sources */ = {isa = PBXBuildFile; fileRef = DB6D417E2276949300E5F293 /* MulticastConnectionViewController.m */; };
		DB6D41832276C81800E5F293 /* CommandViewController.m in Sources */ = {isa = PBXBuildFile; fileRef = DB6D41822276C81800E5F293 /* CommandViewController.m */; };
		DB6D41872276DEC800E5F293 /* CenterViewController.m in Sources */ = {isa = PBXBuildFile; fileRef = DB6D41862276DEC800E5F293 /* CenterViewController.m */; };
		DB6D418B2276E48F00E5F293 /* TupleSequenceViewController.m in Sources */ = {isa = PBXBuildFile; fileRef = DB6D418A2276E48F00E5F293 /* TupleSequenceViewController.m */; };
		DB6D418E2276F1DC00E5F293 /* Person.m in Sources */ = {isa = PBXBuildFile; fileRef = DB6D418D2276F1DC00E5F293 /* Person.m */; };
		DB6D41922277035800E5F293 /* LeftSelectorViewController.m in Sources */ = {isa = PBXBuildFile; fileRef = DB6D41912277035800E5F293 /* LeftSelectorViewController.m */; };
		DB6D41962277347B00E5F293 /* MapViewController.m in Sources */ = {isa = PBXBuildFile; fileRef = DB6D41952277347B00E5F293 /* MapViewController.m */; };
		DB6D419A2277392B00E5F293 /* FilterViewController.m in Sources */ = {isa = PBXBuildFile; fileRef = DB6D41992277392B00E5F293 /* FilterViewController.m */; };
		DB6D419E22773A0300E5F293 /* LoginViewController.m in Sources */ = {isa = PBXBuildFile; fileRef = DB6D419D22773A0300E5F293 /* LoginViewController.m */; };
		DB7A90F5226709A800AFCE5E /* BaseView.m in Sources */ = {isa = PBXBuildFile; fileRef = DB7A90F4226709A800AFCE5E /* BaseView.m */; };
		DB7A90F822670C0400AFCE5E /* BaseUseViewController.m in Sources */ = {isa = PBXBuildFile; fileRef = DB7A90F722670C0400AFCE5E /* BaseUseViewController.m */; };
		DBEA0DF922647E4100EAEF8F /* AppDelegate.m in Sources */ = {isa = PBXBuildFile; fileRef = DBEA0DF822647E4100EAEF8F /* AppDelegate.m */; };
		DBEA0DFC22647E4100EAEF8F /* ViewController.m in Sources */ = {isa = PBXBuildFile; fileRef = DBEA0DFB22647E4100EAEF8F /* ViewController.m */; };
		DBEA0DFF22647E4100EAEF8F /* Main.storyboard in Resources */ = {isa = PBXBuildFile; fileRef = DBEA0DFD22647E4100EAEF8F /* Main.storyboard */; };
		DBEA0E0122647E4200EAEF8F /* Assets.xcassets in Resources */ = {isa = PBXBuildFile; fileRef = DBEA0E0022647E4200EAEF8F /* Assets.xcassets */; };
		DBEA0E0422647E4200EAEF8F /* LaunchScreen.storyboard in Resources */ = {isa = PBXBuildFile; fileRef = DBEA0E0222647E4200EAEF8F /* LaunchScreen.storyboard */; };
		DBEA0E0722647E4200EAEF8F /* main.m in Sources */ = {isa = PBXBuildFile; fileRef = DBEA0E0622647E4200EAEF8F /* main.m */; };
		DBEA0E1122647E4200EAEF8F /* CSXRACDemoTests.m in Sources */ = {isa = PBXBuildFile; fileRef = DBEA0E1022647E4200EAEF8F /* CSXRACDemoTests.m */; };
		DBEA0E1C22647E4200EAEF8F /* CSXRACDemoUITests.m in Sources */ = {isa = PBXBuildFile; fileRef = DBEA0E1B22647E4200EAEF8F /* CSXRACDemoUITests.m */; };
		DBEA0E2C2264808F00EAEF8F /* RACModel.m in Sources */ = {isa = PBXBuildFile; fileRef = DBEA0E2B2264808F00EAEF8F /* RACModel.m */; };
/* End PBXBuildFile section */

/* Begin PBXContainerItemProxy section */
		DBEA0E0D22647E4200EAEF8F /* PBXContainerItemProxy */ = {
			isa = PBXContainerItemProxy;
			containerPortal = DBEA0DEC22647E4100EAEF8F /* Project object */;
			proxyType = 1;
			remoteGlobalIDString = DBEA0DF322647E4100EAEF8F;
			remoteInfo = CSXRACDemo;
		};
		DBEA0E1822647E4200EAEF8F /* PBXContainerItemProxy */ = {
			isa = PBXContainerItemProxy;
			containerPortal = DBEA0DEC22647E4100EAEF8F /* Project object */;
			proxyType = 1;
			remoteGlobalIDString = DBEA0DF322647E4100EAEF8F;
			remoteInfo = CSXRACDemo;
		};
/* End PBXContainerItemProxy section */

/* Begin PBXFileReference section */
		3A87719ED21B3B81C6E5BB20 /* Pods-CSXRACDemo.release.xcconfig */ = {isa = PBXFileReference; includeInIndex = 1; lastKnownFileType = text.xcconfig; name = "Pods-CSXRACDemo.release.xcconfig"; path = "Pods/Target Support Files/Pods-CSXRACDemo/Pods-CSXRACDemo.release.xcconfig"; sourceTree = "<group>"; };
		B8130F109A0727EEF5DD4EDA /* libPods-CSXRACDemo.a */ = {isa = PBXFileReference; explicitFileType = archive.ar; includeInIndex = 0; path = "libPods-CSXRACDemo.a"; sourceTree = BUILT_PRODUCTS_DIR; };
		DB6D417922768F5E00E5F293 /* TimerViewController.h */ = {isa = PBXFileReference; lastKnownFileType = sourcecode.c.h; path = TimerViewController.h; sourceTree = "<group>"; };
		DB6D417A22768F5E00E5F293 /* TimerViewController.m */ = {isa = PBXFileReference; lastKnownFileType = sourcecode.c.objc; path = TimerViewController.m; sourceTree = "<group>"; };
		DB6D417D2276949300E5F293 /* MulticastConnectionViewController.h */ = {isa = PBXFileReference; lastKnownFileType = sourcecode.c.h; path = MulticastConnectionViewController.h; sourceTree = "<group>"; };
		DB6D417E2276949300E5F293 /* MulticastConnectionViewController.m */ = {isa = PBXFileReference; lastKnownFileType = sourcecode.c.objc; path = MulticastConnectionViewController.m; sourceTree = "<group>"; };
		DB6D41812276C81800E5F293 /* CommandViewController.h */ = {isa = PBXFileReference; lastKnownFileType = sourcecode.c.h; path = CommandViewController.h; sourceTree = "<group>"; };
		DB6D41822276C81800E5F293 /* CommandViewController.m */ = {isa = PBXFileReference; lastKnownFileType = sourcecode.c.objc; path = CommandViewController.m; sourceTree = "<group>"; };
		DB6D41852276DEC800E5F293 /* CenterViewController.h */ = {isa = PBXFileReference; lastKnownFileType = sourcecode.c.h; path = CenterViewController.h; sourceTree = "<group>"; };
		DB6D41862276DEC800E5F293 /* CenterViewController.m */ = {isa = PBXFileReference; lastKnownFileType = sourcecode.c.objc; path = CenterViewController.m; sourceTree = "<group>"; };
		DB6D41892276E48F00E5F293 /* TupleSequenceViewController.h */ = {isa = PBXFileReference; lastKnownFileType = sourcecode.c.h; path = TupleSequenceViewController.h; sourceTree = "<group>"; };
		DB6D418A2276E48F00E5F293 /* TupleSequenceViewController.m */ = {isa = PBXFileReference; lastKnownFileType = sourcecode.c.objc; path = TupleSequenceViewController.m; sourceTree = "<group>"; };
		DB6D418C2276F1DC00E5F293 /* Person.h */ = {isa = PBXFileReference; lastKnownFileType = sourcecode.c.h; path = Person.h; sourceTree = "<group>"; };
		DB6D418D2276F1DC00E5F293 /* Person.m */ = {isa = PBXFileReference; lastKnownFileType = sourcecode.c.objc; path = Person.m; sourceTree = "<group>"; };
		DB6D41902277035800E5F293 /* LeftSelectorViewController.h */ = {isa = PBXFileReference; lastKnownFileType = sourcecode.c.h; path = LeftSelectorViewController.h; sourceTree = "<group>"; };
		DB6D41912277035800E5F293 /* LeftSelectorViewController.m */ = {isa = PBXFileReference; lastKnownFileType = sourcecode.c.objc; path = LeftSelectorViewController.m; sourceTree = "<group>"; };
		DB6D41942277347B00E5F293 /* MapViewController.h */ = {isa = PBXFileReference; lastKnownFileType = sourcecode.c.h; path = MapViewController.h; sourceTree = "<group>"; };
		DB6D41952277347B00E5F293 /* MapViewController.m */ = {isa = PBXFileReference; lastKnownFileType = sourcecode.c.objc; path = MapViewController.m; sourceTree = "<group>"; };
		DB6D41982277392B00E5F293 /* FilterViewController.h */ = {isa = PBXFileReference; lastKnownFileType = sourcecode.c.h; path = FilterViewController.h; sourceTree = "<group>"; };
		DB6D41992277392B00E5F293 /* FilterViewController.m */ = {isa = PBXFileReference; lastKnownFileType = sourcecode.c.objc; path = FilterViewController.m; sourceTree = "<group>"; };
		DB6D419C22773A0300E5F293 /* LoginViewController.h */ = {isa = PBXFileReference; lastKnownFileType = sourcecode.c.h; path = LoginViewController.h; sourceTree = "<group>"; };
		DB6D419D22773A0300E5F293 /* LoginViewController.m */ = {isa = PBXFileReference; lastKnownFileType = sourcecode.c.objc; path = LoginViewController.m; sourceTree = "<group>"; };
		DB7A90F3226709A800AFCE5E /* BaseView.h */ = {isa = PBXFileReference; lastKnownFileType = sourcecode.c.h; path = BaseView.h; sourceTree = "<group>"; };
		DB7A90F4226709A800AFCE5E /* BaseView.m */ = {isa = PBXFileReference; lastKnownFileType = sourcecode.c.objc; path = BaseView.m; sourceTree = "<group>"; };
		DB7A90F622670C0400AFCE5E /* BaseUseViewController.h */ = {isa = PBXFileReference; lastKnownFileType = sourcecode.c.h; path = BaseUseViewController.h; sourceTree = "<group>"; };
		DB7A90F722670C0400AFCE5E /* BaseUseViewController.m */ = {isa = PBXFileReference; lastKnownFileType = sourcecode.c.objc; path = BaseUseViewController.m; sourceTree = "<group>"; };
		DBEA0DF422647E4100EAEF8F /* CSXRACDemo.app */ = {isa = PBXFileReference; explicitFileType = wrapper.application; includeInIndex = 0; path = CSXRACDemo.app; sourceTree = BUILT_PRODUCTS_DIR; };
		DBEA0DF722647E4100EAEF8F /* AppDelegate.h */ = {isa = PBXFileReference; lastKnownFileType = sourcecode.c.h; path = AppDelegate.h; sourceTree = "<group>"; };
		DBEA0DF822647E4100EAEF8F /* AppDelegate.m */ = {isa = PBXFileReference; lastKnownFileType = sourcecode.c.objc; path = AppDelegate.m; sourceTree = "<group>"; };
		DBEA0DFA22647E4100EAEF8F /* ViewController.h */ = {isa = PBXFileReference; lastKnownFileType = sourcecode.c.h; path = ViewController.h; sourceTree = "<group>"; };
		DBEA0DFB22647E4100EAEF8F /* ViewController.m */ = {isa = PBXFileReference; lastKnownFileType = sourcecode.c.objc; path = ViewController.m; sourceTree = "<group>"; };
		DBEA0DFE22647E4100EAEF8F /* Base */ = {isa = PBXFileReference; lastKnownFileType = file.storyboard; name = Base; path = Base.lproj/Main.storyboard; sourceTree = "<group>"; };
		DBEA0E0022647E4200EAEF8F /* Assets.xcassets */ = {isa = PBXFileReference; lastKnownFileType = folder.assetcatalog; path = Assets.xcassets; sourceTree = "<group>"; };
		DBEA0E0322647E4200EAEF8F /* Base */ = {isa = PBXFileReference; lastKnownFileType = file.storyboard; name = Base; path = Base.lproj/LaunchScreen.storyboard; sourceTree = "<group>"; };
		DBEA0E0522647E4200EAEF8F /* Info.plist */ = {isa = PBXFileReference; lastKnownFileType = text.plist.xml; path = Info.plist; sourceTree = "<group>"; };
		DBEA0E0622647E4200EAEF8F /* main.m */ = {isa = PBXFileReference; lastKnownFileType = sourcecode.c.objc; path = main.m; sourceTree = "<group>"; };
		DBEA0E0C22647E4200EAEF8F /* CSXRACDemoTests.xctest */ = {isa = PBXFileReference; explicitFileType = wrapper.cfbundle; includeInIndex = 0; path = CSXRACDemoTests.xctest; sourceTree = BUILT_PRODUCTS_DIR; };
		DBEA0E1022647E4200EAEF8F /* CSXRACDemoTests.m */ = {isa = PBXFileReference; lastKnownFileType = sourcecode.c.objc; path = CSXRACDemoTests.m; sourceTree = "<group>"; };
		DBEA0E1222647E4200EAEF8F /* Info.plist */ = {isa = PBXFileReference; lastKnownFileType = text.plist.xml; path = Info.plist; sourceTree = "<group>"; };
		DBEA0E1722647E4200EAEF8F /* CSXRACDemoUITests.xctest */ = {isa = PBXFileReference; explicitFileType = wrapper.cfbundle; includeInIndex = 0; path = CSXRACDemoUITests.xctest; sourceTree = BUILT_PRODUCTS_DIR; };
		DBEA0E1B22647E4200EAEF8F /* CSXRACDemoUITests.m */ = {isa = PBXFileReference; lastKnownFileType = sourcecode.c.objc; path = CSXRACDemoUITests.m; sourceTree = "<group>"; };
		DBEA0E1D22647E4200EAEF8F /* Info.plist */ = {isa = PBXFileReference; lastKnownFileType = text.plist.xml; path = Info.plist; sourceTree = "<group>"; };
		DBEA0E2A2264808F00EAEF8F /* RACModel.h */ = {isa = PBXFileReference; lastKnownFileType = sourcecode.c.h; path = RACModel.h; sourceTree = "<group>"; };
		DBEA0E2B2264808F00EAEF8F /* RACModel.m */ = {isa = PBXFileReference; lastKnownFileType = sourcecode.c.objc; path = RACModel.m; sourceTree = "<group>"; };
		E5658A960842A2A2D8D58173 /* Pods-CSXRACDemo.debug.xcconfig */ = {isa = PBXFileReference; includeInIndex = 1; lastKnownFileType = text.xcconfig; name = "Pods-CSXRACDemo.debug.xcconfig"; path = "Pods/Target Support Files/Pods-CSXRACDemo/Pods-CSXRACDemo.debug.xcconfig"; sourceTree = "<group>"; };
/* End PBXFileReference section */

/* Begin PBXFrameworksBuildPhase section */
		DBEA0DF122647E4100EAEF8F /* Frameworks */ = {
			isa = PBXFrameworksBuildPhase;
			buildActionMask = 2147483647;
			files = (
				099297D1A59CE83DEFB439D7 /* libPods-CSXRACDemo.a in Frameworks */,
			);
			runOnlyForDeploymentPostprocessing = 0;
		};
		DBEA0E0922647E4200EAEF8F /* Frameworks */ = {
			isa = PBXFrameworksBuildPhase;
			buildActionMask = 2147483647;
			files = (
			);
			runOnlyForDeploymentPostprocessing = 0;
		};
		DBEA0E1422647E4200EAEF8F /* Frameworks */ = {
			isa = PBXFrameworksBuildPhase;
			buildActionMask = 2147483647;
			files = (
			);
			runOnlyForDeploymentPostprocessing = 0;
		};
/* End PBXFrameworksBuildPhase section */

/* Begin PBXGroup section */
		23B4805BC41BE3F1DCB02D03 /* Pods */ = {
			isa = PBXGroup;
			children = (
				E5658A960842A2A2D8D58173 /* Pods-CSXRACDemo.debug.xcconfig */,
				3A87719ED21B3B81C6E5BB20 /* Pods-CSXRACDemo.release.xcconfig */,
			);
			name = Pods;
			sourceTree = "<group>";
		};
		75867ECB780C90CEA4681806 /* Frameworks */ = {
			isa = PBXGroup;
			children = (
				B8130F109A0727EEF5DD4EDA /* libPods-CSXRACDemo.a */,
			);
			name = Frameworks;
			sourceTree = "<group>";
		};
		DB6D417822768F2D00E5F293 /* 定时器 */ = {
			isa = PBXGroup;
			children = (
				DB6D417922768F5E00E5F293 /* TimerViewController.h */,
				DB6D417A22768F5E00E5F293 /* TimerViewController.m */,
			);
			path = "定时器";
			sourceTree = "<group>";
		};
		DB6D417C2276945500E5F293 /* RACMulticastConnection */ = {
			isa = PBXGroup;
			children = (
				DB6D417D2276949300E5F293 /* MulticastConnectionViewController.h */,
				DB6D417E2276949300E5F293 /* MulticastConnectionViewController.m */,
			);
			path = RACMulticastConnection;
			sourceTree = "<group>";
		};
		DB6D41802276C7FA00E5F293 /* RACCommand */ = {
			isa = PBXGroup;
			children = (
				DB6D41812276C81800E5F293 /* CommandViewController.h */,
				DB6D41822276C81800E5F293 /* CommandViewController.m */,
			);
			path = RACCommand;
			sourceTree = "<group>";
		};
		DB6D41842276DE9400E5F293 /* RAC核心方法 */ = {
			isa = PBXGroup;
			children = (
				DB6D41852276DEC800E5F293 /* CenterViewController.h */,
				DB6D41862276DEC800E5F293 /* CenterViewController.m */,
			);
			path = "RAC核心方法";
			sourceTree = "<group>";
		};
		DB6D41882276E45C00E5F293 /* 集合RACTuple与RACSequence */ = {
			isa = PBXGroup;
			children = (
				DB6D41892276E48F00E5F293 /* TupleSequenceViewController.h */,
				DB6D418A2276E48F00E5F293 /* TupleSequenceViewController.m */,
				DB6D418C2276F1DC00E5F293 /* Person.h */,
				DB6D418D2276F1DC00E5F293 /* Person.m */,
			);
			path = "集合RACTuple与RACSequence";
			sourceTree = "<group>";
		};
		DB6D418F2277033300E5F293 /* rac_liftSelector */ = {
			isa = PBXGroup;
			children = (
				DB6D41902277035800E5F293 /* LeftSelectorViewController.h */,
				DB6D41912277035800E5F293 /* LeftSelectorViewController.m */,
			);
			path = rac_liftSelector;
			sourceTree = "<group>";
		};
		DB6D41932277344E00E5F293 /* 映射 */ = {
			isa = PBXGroup;
			children = (
				DB6D41942277347B00E5F293 /* MapViewController.h */,
				DB6D41952277347B00E5F293 /* MapViewController.m */,
			);
			path = "映射";
			sourceTree = "<group>";
		};
		DB6D41972277391100E5F293 /* 过滤 */ = {
			isa = PBXGroup;
			children = (
				DB6D41982277392B00E5F293 /* FilterViewController.h */,
				DB6D41992277392B00E5F293 /* FilterViewController.m */,
			);
			path = "过滤";
			sourceTree = "<group>";
		};
		DB6D419B227739E600E5F293 /* 登陆MVVM */ = {
			isa = PBXGroup;
			children = (
				DB6D419C22773A0300E5F293 /* LoginViewController.h */,
				DB6D419D22773A0300E5F293 /* LoginViewController.m */,
			);
			path = "登陆MVVM";
			sourceTree = "<group>";
		};
		DB7A90EA2267058C00AFCE5E /* BaseUseVC */ = {
			isa = PBXGroup;
			children = (
				DB7A90F622670C0400AFCE5E /* BaseUseViewController.h */,
				DB7A90F722670C0400AFCE5E /* BaseUseViewController.m */,
				DB7A90F3226709A800AFCE5E /* BaseView.h */,
				DB7A90F4226709A800AFCE5E /* BaseView.m */,
			);
			path = BaseUseVC;
			sourceTree = "<group>";
		};
		DBEA0DEB22647E4100EAEF8F = {
			isa = PBXGroup;
			children = (
				DBEA0DF622647E4100EAEF8F /* CSXRACDemo */,
				DBEA0E0F22647E4200EAEF8F /* CSXRACDemoTests */,
				DBEA0E1A22647E4200EAEF8F /* CSXRACDemoUITests */,
				DBEA0DF522647E4100EAEF8F /* Products */,
				23B4805BC41BE3F1DCB02D03 /* Pods */,
				75867ECB780C90CEA4681806 /* Frameworks */,
			);
			sourceTree = "<group>";
		};
		DBEA0DF522647E4100EAEF8F /* Products */ = {
			isa = PBXGroup;
			children = (
				DBEA0DF422647E4100EAEF8F /* CSXRACDemo.app */,
				DBEA0E0C22647E4200EAEF8F /* CSXRACDemoTests.xctest */,
				DBEA0E1722647E4200EAEF8F /* CSXRACDemoUITests.xctest */,
			);
			name = Products;
			sourceTree = "<group>";
		};
		DBEA0DF622647E4100EAEF8F /* CSXRACDemo */ = {
			isa = PBXGroup;
			children = (
				DBEA0DF722647E4100EAEF8F /* AppDelegate.h */,
				DBEA0DF822647E4100EAEF8F /* AppDelegate.m */,
				DBEA0DFA22647E4100EAEF8F /* ViewController.h */,
				DBEA0DFB22647E4100EAEF8F /* ViewController.m */,
				DBEA0E292264807900EAEF8F /* Model */,
				DB7A90EA2267058C00AFCE5E /* BaseUseVC */,
				DB6D417822768F2D00E5F293 /* 定时器 */,
				DB6D417C2276945500E5F293 /* RACMulticastConnection */,
				DB6D41802276C7FA00E5F293 /* RACCommand */,
				DB6D41842276DE9400E5F293 /* RAC核心方法 */,
				DB6D41882276E45C00E5F293 /* 集合RACTuple与RACSequence */,
				DB6D418F2277033300E5F293 /* rac_liftSelector */,
				DB6D41932277344E00E5F293 /* 映射 */,
				DB6D41972277391100E5F293 /* 过滤 */,
				DB6D419B227739E600E5F293 /* 登陆MVVM */,
				DBEA0DFD22647E4100EAEF8F /* Main.storyboard */,
				DBEA0E0022647E4200EAEF8F /* Assets.xcassets */,
				DBEA0E0222647E4200EAEF8F /* LaunchScreen.storyboard */,
				DBEA0E0522647E4200EAEF8F /* Info.plist */,
				DBEA0E0622647E4200EAEF8F /* main.m */,
			);
			path = CSXRACDemo;
			sourceTree = "<group>";
		};
		DBEA0E0F22647E4200EAEF8F /* CSXRACDemoTests */ = {
			isa = PBXGroup;
			children = (
				DBEA0E1022647E4200EAEF8F /* CSXRACDemoTests.m */,
				DBEA0E1222647E4200EAEF8F /* Info.plist */,
			);
			path = CSXRACDemoTests;
			sourceTree = "<group>";
		};
		DBEA0E1A22647E4200EAEF8F /* CSXRACDemoUITests */ = {
			isa = PBXGroup;
			children = (
				DBEA0E1B22647E4200EAEF8F /* CSXRACDemoUITests.m */,
				DBEA0E1D22647E4200EAEF8F /* Info.plist */,
			);
			path = CSXRACDemoUITests;
			sourceTree = "<group>";
		};
		DBEA0E292264807900EAEF8F /* Model */ = {
			isa = PBXGroup;
			children = (
				DBEA0E2A2264808F00EAEF8F /* RACModel.h */,
				DBEA0E2B2264808F00EAEF8F /* RACModel.m */,
			);
			path = Model;
			sourceTree = "<group>";
		};
/* End PBXGroup section */

/* Begin PBXNativeTarget section */
		DBEA0DF322647E4100EAEF8F /* CSXRACDemo */ = {
			isa = PBXNativeTarget;
			buildConfigurationList = DBEA0E2022647E4200EAEF8F /* Build configuration list for PBXNativeTarget "CSXRACDemo" */;
			buildPhases = (
				0A250AE99FBBF2B89FF634BD /* [CP] Check Pods Manifest.lock */,
				DBEA0DF022647E4100EAEF8F /* Sources */,
				DBEA0DF122647E4100EAEF8F /* Frameworks */,
				DBEA0DF222647E4100EAEF8F /* Resources */,
			);
			buildRules = (
			);
			dependencies = (
			);
			name = CSXRACDemo;
			productName = CSXRACDemo;
			productReference = DBEA0DF422647E4100EAEF8F /* CSXRACDemo.app */;
			productType = "com.apple.product-type.application";
		};
		DBEA0E0B22647E4200EAEF8F /* CSXRACDemoTests */ = {
			isa = PBXNativeTarget;
			buildConfigurationList = DBEA0E2322647E4200EAEF8F /* Build configuration list for PBXNativeTarget "CSXRACDemoTests" */;
			buildPhases = (
				DBEA0E0822647E4200EAEF8F /* Sources */,
				DBEA0E0922647E4200EAEF8F /* Frameworks */,
				DBEA0E0A22647E4200EAEF8F /* Resources */,
			);
			buildRules = (
			);
			dependencies = (
				DBEA0E0E22647E4200EAEF8F /* PBXTargetDependency */,
			);
			name = CSXRACDemoTests;
			productName = CSXRACDemoTests;
			productReference = DBEA0E0C22647E4200EAEF8F /* CSXRACDemoTests.xctest */;
			productType = "com.apple.product-type.bundle.unit-test";
		};
		DBEA0E1622647E4200EAEF8F /* CSXRACDemoUITests */ = {
			isa = PBXNativeTarget;
			buildConfigurationList = DBEA0E2622647E4200EAEF8F /* Build configuration list for PBXNativeTarget "CSXRACDemoUITests" */;
			buildPhases = (
				DBEA0E1322647E4200EAEF8F /* Sources */,
				DBEA0E1422647E4200EAEF8F /* Frameworks */,
				DBEA0E1522647E4200EAEF8F /* Resources */,
			);
			buildRules = (
			);
			dependencies = (
				DBEA0E1922647E4200EAEF8F /* PBXTargetDependency */,
			);
			name = CSXRACDemoUITests;
			productName = CSXRACDemoUITests;
			productReference = DBEA0E1722647E4200EAEF8F /* CSXRACDemoUITests.xctest */;
			productType = "com.apple.product-type.bundle.ui-testing";
		};
/* End PBXNativeTarget section */

/* Begin PBXProject section */
		DBEA0DEC22647E4100EAEF8F /* Project object */ = {
			isa = PBXProject;
			attributes = {
				LastUpgradeCheck = 1010;
				ORGANIZATIONNAME = "曹世鑫";
				TargetAttributes = {
					DBEA0DF322647E4100EAEF8F = {
						CreatedOnToolsVersion = 10.1;
					};
					DBEA0E0B22647E4200EAEF8F = {
						CreatedOnToolsVersion = 10.1;
						TestTargetID = DBEA0DF322647E4100EAEF8F;
					};
					DBEA0E1622647E4200EAEF8F = {
						CreatedOnToolsVersion = 10.1;
						TestTargetID = DBEA0DF322647E4100EAEF8F;
					};
				};
			};
			buildConfigurationList = DBEA0DEF22647E4100EAEF8F /* Build configuration list for PBXProject "CSXRACDemo" */;
			compatibilityVersion = "Xcode 9.3";
			developmentRegion = en;
			hasScannedForEncodings = 0;
			knownRegions = (
				en,
				Base,
			);
			mainGroup = DBEA0DEB22647E4100EAEF8F;
			productRefGroup = DBEA0DF522647E4100EAEF8F /* Products */;
			projectDirPath = "";
			projectRoot = "";
			targets = (
				DBEA0DF322647E4100EAEF8F /* CSXRACDemo */,
				DBEA0E0B22647E4200EAEF8F /* CSXRACDemoTests */,
				DBEA0E1622647E4200EAEF8F /* CSXRACDemoUITests */,
			);
		};
/* End PBXProject section */

/* Begin PBXResourcesBuildPhase section */
		DBEA0DF222647E4100EAEF8F /* Resources */ = {
			isa = PBXResourcesBuildPhase;
			buildActionMask = 2147483647;
			files = (
				DBEA0E0422647E4200EAEF8F /* LaunchScreen.storyboard in Resources */,
				DBEA0E0122647E4200EAEF8F /* Assets.xcassets in Resources */,
				DBEA0DFF22647E4100EAEF8F /* Main.storyboard in Resources */,
			);
			runOnlyForDeploymentPostprocessing = 0;
		};
		DBEA0E0A22647E4200EAEF8F /* Resources */ = {
			isa = PBXResourcesBuildPhase;
			buildActionMask = 2147483647;
			files = (
			);
			runOnlyForDeploymentPostprocessing = 0;
		};
		DBEA0E1522647E4200EAEF8F /* Resources */ = {
			isa = PBXResourcesBuildPhase;
			buildActionMask = 2147483647;
			files = (
			);
			runOnlyForDeploymentPostprocessing = 0;
		};
/* End PBXResourcesBuildPhase section */

/* Begin PBXShellScriptBuildPhase section */
		0A250AE99FBBF2B89FF634BD /* [CP] Check Pods Manifest.lock */ = {
			isa = PBXShellScriptBuildPhase;
			buildActionMask = 2147483647;
			files = (
			);
			inputPaths = (
				"${PODS_PODFILE_DIR_PATH}/Podfile.lock",
				"${PODS_ROOT}/Manifest.lock",
			);
			name = "[CP] Check Pods Manifest.lock";
			outputPaths = (
				"$(DERIVED_FILE_DIR)/Pods-CSXRACDemo-checkManifestLockResult.txt",
			);
			runOnlyForDeploymentPostprocessing = 0;
			shellPath = /bin/sh;
			shellScript = "diff \"${PODS_PODFILE_DIR_PATH}/Podfile.lock\" \"${PODS_ROOT}/Manifest.lock\" > /dev/null\nif [ $? != 0 ] ; then\n    # print error to STDERR\n    echo \"error: The sandbox is not in sync with the Podfile.lock. Run 'pod install' or update your CocoaPods installation.\" >&2\n    exit 1\nfi\n# This output is used by Xcode 'outputs' to avoid re-running this script phase.\necho \"SUCCESS\" > \"${SCRIPT_OUTPUT_FILE_0}\"\n";
			showEnvVarsInLog = 0;
		};
/* End PBXShellScriptBuildPhase section */

/* Begin PBXSourcesBuildPhase section */
		DBEA0DF022647E4100EAEF8F /* Sources */ = {
			isa = PBXSourcesBuildPhase;
			buildActionMask = 2147483647;
			files = (
				DB6D41832276C81800E5F293 /* CommandViewController.m in Sources */,
				DBEA0DFC22647E4100EAEF8F /* ViewController.m in Sources */,
				DB6D418B2276E48F00E5F293 /* TupleSequenceViewController.m in Sources */,
				DBEA0E0722647E4200EAEF8F /* main.m in Sources */,
				DB6D417B22768F5E00E5F293 /* TimerViewController.m in Sources */,
				DB6D417F2276949300E5F293 /* MulticastConnectionViewController.m in Sources */,
				DB6D418E2276F1DC00E5F293 /* Person.m in Sources */,
				DB6D419A2277392B00E5F293 /* FilterViewController.m in Sources */,
				DB6D419E22773A0300E5F293 /* LoginViewController.m in Sources */,
				DBEA0DF922647E4100EAEF8F /* AppDelegate.m in Sources */,
				DB6D41922277035800E5F293 /* LeftSelectorViewController.m in Sources */,
				DBEA0E2C2264808F00EAEF8F /* RACModel.m in Sources */,
				DB7A90F5226709A800AFCE5E /* BaseView.m in Sources */,
				DB7A90F822670C0400AFCE5E /* BaseUseViewController.m in Sources */,
				DB6D41872276DEC800E5F293 /* CenterViewController.m in Sources */,
				DB6D41962277347B00E5F293 /* MapViewController.m in Sources */,
			);
			runOnlyForDeploymentPostprocessing = 0;
		};
		DBEA0E0822647E4200EAEF8F /* Sources */ = {
			isa = PBXSourcesBuildPhase;
			buildActionMask = 2147483647;
			files = (
				DBEA0E1122647E4200EAEF8F /* CSXRACDemoTests.m in Sources */,
			);
			runOnlyForDeploymentPostprocessing = 0;
		};
		DBEA0E1322647E4200EAEF8F /* Sources */ = {
			isa = PBXSourcesBuildPhase;
			buildActionMask = 2147483647;
			files = (
				DBEA0E1C22647E4200EAEF8F /* CSXRACDemoUITests.m in Sources */,
			);
			runOnlyForDeploymentPostprocessing = 0;
		};
/* End PBXSourcesBuildPhase section */

/* Begin PBXTargetDependency section */
		DBEA0E0E22647E4200EAEF8F /* PBXTargetDependency */ = {
			isa = PBXTargetDependency;
			target = DBEA0DF322647E4100EAEF8F /* CSXRACDemo */;
			targetProxy = DBEA0E0D22647E4200EAEF8F /* PBXContainerItemProxy */;
		};
		DBEA0E1922647E4200EAEF8F /* PBXTargetDependency */ = {
			isa = PBXTargetDependency;
			target = DBEA0DF322647E4100EAEF8F /* CSXRACDemo */;
			targetProxy = DBEA0E1822647E4200EAEF8F /* PBXContainerItemProxy */;
		};
/* End PBXTargetDependency section */

/* Begin PBXVariantGroup section */
		DBEA0DFD22647E4100EAEF8F /* Main.storyboard */ = {
			isa = PBXVariantGroup;
			children = (
				DBEA0DFE22647E4100EAEF8F /* Base */,
			);
			name = Main.storyboard;
			sourceTree = "<group>";
		};
		DBEA0E0222647E4200EAEF8F /* LaunchScreen.storyboard */ = {
			isa = PBXVariantGroup;
			children = (
				DBEA0E0322647E4200EAEF8F /* Base */,
			);
			name = LaunchScreen.storyboard;
			sourceTree = "<group>";
		};
/* End PBXVariantGroup section */

/* Begin XCBuildConfiguration section */
		DBEA0E1E22647E4200EAEF8F /* Debug */ = {
			isa = XCBuildConfiguration;
			buildSettings = {
				ALWAYS_SEARCH_USER_PATHS = NO;
				CLANG_ANALYZER_NONNULL = YES;
				CLANG_ANALYZER_NUMBER_OBJECT_CONVERSION = YES_AGGRESSIVE;
				CLANG_CXX_LANGUAGE_STANDARD = "gnu++14";
				CLANG_CXX_LIBRARY = "libc++";
				CLANG_ENABLE_MODULES = YES;
				CLANG_ENABLE_OBJC_ARC = YES;
				CLANG_ENABLE_OBJC_WEAK = YES;
				CLANG_WARN_BLOCK_CAPTURE_AUTORELEASING = YES;
				CLANG_WARN_BOOL_CONVERSION = YES;
				CLANG_WARN_COMMA = YES;
				CLANG_WARN_CONSTANT_CONVERSION = YES;
				CLANG_WARN_DEPRECATED_OBJC_IMPLEMENTATIONS = YES;
				CLANG_WARN_DIRECT_OBJC_ISA_USAGE = YES_ERROR;
				CLANG_WARN_DOCUMENTATION_COMMENTS = YES;
				CLANG_WARN_EMPTY_BODY = YES;
				CLANG_WARN_ENUM_CONVERSION = YES;
				CLANG_WARN_INFINITE_RECURSION = YES;
				CLANG_WARN_INT_CONVERSION = YES;
				CLANG_WARN_NON_LITERAL_NULL_CONVERSION = YES;
				CLANG_WARN_OBJC_IMPLICIT_RETAIN_SELF = YES;
				CLANG_WARN_OBJC_LITERAL_CONVERSION = YES;
				CLANG_WARN_OBJC_ROOT_CLASS = YES_ERROR;
				CLANG_WARN_RANGE_LOOP_ANALYSIS = YES;
				CLANG_WARN_STRICT_PROTOTYPES = YES;
				CLANG_WARN_SUSPICIOUS_MOVE = YES;
				CLANG_WARN_UNGUARDED_AVAILABILITY = YES_AGGRESSIVE;
				CLANG_WARN_UNREACHABLE_CODE = YES;
				CLANG_WARN__DUPLICATE_METHOD_MATCH = YES;
				CODE_SIGN_IDENTITY = "iPhone Developer";
				COPY_PHASE_STRIP = NO;
				DEBUG_INFORMATION_FORMAT = dwarf;
				ENABLE_STRICT_OBJC_MSGSEND = YES;
				ENABLE_TESTABILITY = YES;
				GCC_C_LANGUAGE_STANDARD = gnu11;
				GCC_DYNAMIC_NO_PIC = NO;
				GCC_NO_COMMON_BLOCKS = YES;
				GCC_OPTIMIZATION_LEVEL = 0;
				GCC_PREPROCESSOR_DEFINITIONS = (
					"DEBUG=1",
					"$(inherited)",
				);
				GCC_WARN_64_TO_32_BIT_CONVERSION = YES;
				GCC_WARN_ABOUT_RETURN_TYPE = YES_ERROR;
				GCC_WARN_UNDECLARED_SELECTOR = YES;
				GCC_WARN_UNINITIALIZED_AUTOS = YES_AGGRESSIVE;
				GCC_WARN_UNUSED_FUNCTION = YES;
				GCC_WARN_UNUSED_VARIABLE = YES;
				IPHONEOS_DEPLOYMENT_TARGET = 12.1;
				MTL_ENABLE_DEBUG_INFO = INCLUDE_SOURCE;
				MTL_FAST_MATH = YES;
				ONLY_ACTIVE_ARCH = YES;
				SDKROOT = iphoneos;
			};
			name = Debug;
		};
		DBEA0E1F22647E4200EAEF8F /* Release */ = {
			isa = XCBuildConfiguration;
			buildSettings = {
				ALWAYS_SEARCH_USER_PATHS = NO;
				CLANG_ANALYZER_NONNULL = YES;
				CLANG_ANALYZER_NUMBER_OBJECT_CONVERSION = YES_AGGRESSIVE;
				CLANG_CXX_LANGUAGE_STANDARD = "gnu++14";
				CLANG_CXX_LIBRARY = "libc++";
				CLANG_ENABLE_MODULES = YES;
				CLANG_ENABLE_OBJC_ARC = YES;
				CLANG_ENABLE_OBJC_WEAK = YES;
				CLANG_WARN_BLOCK_CAPTURE_AUTORELEASING = YES;
				CLANG_WARN_BOOL_CONVERSION = YES;
				CLANG_WARN_COMMA = YES;
				CLANG_WARN_CONSTANT_CONVERSION = YES;
				CLANG_WARN_DEPRECATED_OBJC_IMPLEMENTATIONS = YES;
				CLANG_WARN_DIRECT_OBJC_ISA_USAGE = YES_ERROR;
				CLANG_WARN_DOCUMENTATION_COMMENTS = YES;
				CLANG_WARN_EMPTY_BODY = YES;
				CLANG_WARN_ENUM_CONVERSION = YES;
				CLANG_WARN_INFINITE_RECURSION = YES;
				CLANG_WARN_INT_CONVERSION = YES;
				CLANG_WARN_NON_LITERAL_NULL_CONVERSION = YES;
				CLANG_WARN_OBJC_IMPLICIT_RETAIN_SELF = YES;
				CLANG_WARN_OBJC_LITERAL_CONVERSION = YES;
				CLANG_WARN_OBJC_ROOT_CLASS = YES_ERROR;
				CLANG_WARN_RANGE_LOOP_ANALYSIS = YES;
				CLANG_WARN_STRICT_PROTOTYPES = YES;
				CLANG_WARN_SUSPICIOUS_MOVE = YES;
				CLANG_WARN_UNGUARDED_AVAILABILITY = YES_AGGRESSIVE;
				CLANG_WARN_UNREACHABLE_CODE = YES;
				CLANG_WARN__DUPLICATE_METHOD_MATCH = YES;
				CODE_SIGN_IDENTITY = "iPhone Developer";
				COPY_PHASE_STRIP = NO;
				DEBUG_INFORMATION_FORMAT = "dwarf-with-dsym";
				ENABLE_NS_ASSERTIONS = NO;
				ENABLE_STRICT_OBJC_MSGSEND = YES;
				GCC_C_LANGUAGE_STANDARD = gnu11;
				GCC_NO_COMMON_BLOCKS = YES;
				GCC_WARN_64_TO_32_BIT_CONVERSION = YES;
				GCC_WARN_ABOUT_RETURN_TYPE = YES_ERROR;
				GCC_WARN_UNDECLARED_SELECTOR = YES;
				GCC_WARN_UNINITIALIZED_AUTOS = YES_AGGRESSIVE;
				GCC_WARN_UNUSED_FUNCTION = YES;
				GCC_WARN_UNUSED_VARIABLE = YES;
				IPHONEOS_DEPLOYMENT_TARGET = 12.1;
				MTL_ENABLE_DEBUG_INFO = NO;
				MTL_FAST_MATH = YES;
				SDKROOT = iphoneos;
				VALIDATE_PRODUCT = YES;
			};
			name = Release;
		};
		DBEA0E2122647E4200EAEF8F /* Debug */ = {
			isa = XCBuildConfiguration;
			baseConfigurationReference = E5658A960842A2A2D8D58173 /* Pods-CSXRACDemo.debug.xcconfig */;
			buildSettings = {
				ASSETCATALOG_COMPILER_APPICON_NAME = AppIcon;
				CODE_SIGN_STYLE = Automatic;
				DEVELOPMENT_TEAM = BQ9TFQKXJU;
				INFOPLIST_FILE = CSXRACDemo/Info.plist;
				LD_RUNPATH_SEARCH_PATHS = (
					"$(inherited)",
					"@executable_path/Frameworks",
				);
				PRODUCT_BUNDLE_IDENTIFIER = com.csx.text;
				PRODUCT_NAME = "$(TARGET_NAME)";
				TARGETED_DEVICE_FAMILY = "1,2";
			};
			name = Debug;
		};
		DBEA0E2222647E4200EAEF8F /* Release */ = {
			isa = XCBuildConfiguration;
			baseConfigurationReference = 3A87719ED21B3B81C6E5BB20 /* Pods-CSXRACDemo.release.xcconfig */;
			buildSettings = {
				ASSETCATALOG_COMPILER_APPICON_NAME = AppIcon;
				CODE_SIGN_STYLE = Automatic;
				DEVELOPMENT_TEAM = BQ9TFQKXJU;
				INFOPLIST_FILE = CSXRACDemo/Info.plist;
				LD_RUNPATH_SEARCH_PATHS = (
					"$(inherited)",
					"@executable_path/Frameworks",
				);
				PRODUCT_BUNDLE_IDENTIFIER = com.csx.text;
				PRODUCT_NAME = "$(TARGET_NAME)";
				TARGETED_DEVICE_FAMILY = "1,2";
			};
			name = Release;
		};
		DBEA0E2422647E4200EAEF8F /* Debug */ = {
			isa = XCBuildConfiguration;
			buildSettings = {
				BUNDLE_LOADER = "$(TEST_HOST)";
				CODE_SIGN_STYLE = Automatic;
				DEVELOPMENT_TEAM = BQ9TFQKXJU;
				INFOPLIST_FILE = CSXRACDemoTests/Info.plist;
				LD_RUNPATH_SEARCH_PATHS = (
					"$(inherited)",
					"@executable_path/Frameworks",
					"@loader_path/Frameworks",
				);
				PRODUCT_BUNDLE_IDENTIFIER = com.csx.CSXRACDemoTests;
				PRODUCT_NAME = "$(TARGET_NAME)";
				TARGETED_DEVICE_FAMILY = "1,2";
				TEST_HOST = "$(BUILT_PRODUCTS_DIR)/CSXRACDemo.app/CSXRACDemo";
			};
			name = Debug;
		};
		DBEA0E2522647E4200EAEF8F /* Release */ = {
			isa = XCBuildConfiguration;
			buildSettings = {
				BUNDLE_LOADER = "$(TEST_HOST)";
				CODE_SIGN_STYLE = Automatic;
				DEVELOPMENT_TEAM = BQ9TFQKXJU;
				INFOPLIST_FILE = CSXRACDemoTests/Info.plist;
				LD_RUNPATH_SEARCH_PATHS = (
					"$(inherited)",
					"@executable_path/Frameworks",
					"@loader_path/Frameworks",
				);
				PRODUCT_BUNDLE_IDENTIFIER = com.csx.CSXRACDemoTests;
				PRODUCT_NAME = "$(TARGET_NAME)";
				TARGETED_DEVICE_FAMILY = "1,2";
				TEST_HOST = "$(BUILT_PRODUCTS_DIR)/CSXRACDemo.app/CSXRACDemo";
			};
			name = Release;
		};
		DBEA0E2722647E4200EAEF8F /* Debug */ = {
			isa = XCBuildConfiguration;
			buildSettings = {
				CODE_SIGN_STYLE = Automatic;
				DEVELOPMENT_TEAM = BQ9TFQKXJU;
				INFOPLIST_FILE = CSXRACDemoUITests/Info.plist;
				LD_RUNPATH_SEARCH_PATHS = (
					"$(inherited)",
					"@executable_path/Frameworks",
					"@loader_path/Frameworks",
				);
				PRODUCT_BUNDLE_IDENTIFIER = com.csx.CSXRACDemoUITests;
				PRODUCT_NAME = "$(TARGET_NAME)";
				TARGETED_DEVICE_FAMILY = "1,2";
				TEST_TARGET_NAME = CSXRACDemo;
			};
			name = Debug;
		};
		DBEA0E2822647E4200EAEF8F /* Release */ = {
			isa = XCBuildConfiguration;
			buildSettings = {
				CODE_SIGN_STYLE = Automatic;
				DEVELOPMENT_TEAM = BQ9TFQKXJU;
				INFOPLIST_FILE = CSXRACDemoUITests/Info.plist;
				LD_RUNPATH_SEARCH_PATHS = (
					"$(inherited)",
					"@executable_path/Frameworks",
					"@loader_path/Frameworks",
				);
				PRODUCT_BUNDLE_IDENTIFIER = com.csx.CSXRACDemoUITests;
				PRODUCT_NAME = "$(TARGET_NAME)";
				TARGETED_DEVICE_FAMILY = "1,2";
				TEST_TARGET_NAME = CSXRACDemo;
			};
			name = Release;
		};
/* End XCBuildConfiguration section */

/* Begin XCConfigurationList section */
		DBEA0DEF22647E4100EAEF8F /* Build configuration list for PBXProject "CSXRACDemo" */ = {
			isa = XCConfigurationList;
			buildConfigurations = (
				DBEA0E1E22647E4200EAEF8F /* Debug */,
				DBEA0E1F22647E4200EAEF8F /* Release */,
			);
			defaultConfigurationIsVisible = 0;
			defaultConfigurationName = Release;
		};
		DBEA0E2022647E4200EAEF8F /* Build configuration list for PBXNativeTarget "CSXRACDemo" */ = {
			isa = XCConfigurationList;
			buildConfigurations = (
				DBEA0E2122647E4200EAEF8F /* Debug */,
				DBEA0E2222647E4200EAEF8F /* Release */,
			);
			defaultConfigurationIsVisible = 0;
			defaultConfigurationName = Release;
		};
		DBEA0E2322647E4200EAEF8F /* Build configuration list for PBXNativeTarget "CSXRACDemoTests" */ = {
			isa = XCConfigurationList;
			buildConfigurations = (
				DBEA0E2422647E4200EAEF8F /* Debug */,
				DBEA0E2522647E4200EAEF8F /* Release */,
			);
			defaultConfigurationIsVisible = 0;
			defaultConfigurationName = Release;
		};
		DBEA0E2622647E4200EAEF8F /* Build configuration list for PBXNativeTarget "CSXRACDemoUITests" */ = {
			isa = XCConfigurationList;
			buildConfigurations = (
				DBEA0E2722647E4200EAEF8F /* Debug */,
				DBEA0E2822647E4200EAEF8F /* Release */,
			);
			defaultConfigurationIsVisible = 0;
			defaultConfigurationName = Release;
		};
/* End XCConfigurationList section */
	};
	rootObject = DBEA0DEC22647E4100EAEF8F /* Project object */;
}
